
Microsoft Visual Studio Solution File, Format Version 12.00
# Visual Studio Version 16
VisualStudioVersion = 16.0.30621.155
MinimumVisualStudioVersion = 10.0.40219.1
Project("{FAE04EC0-301F-11D3-BF4B-00C04F79EFBC}") = "測試模型", "測試模型\測試模型.csproj", "{6169E513-EACE-4472-B68A-48FE4EBCB9FC}"
EndProject
Project("{FAE04EC0-301F-11D3-BF4B-00C04F79EFBC}") = "UnitTestProject1", "UnitTestProject1\UnitTestProject1.csproj", "{B2BAE627-FBF4-4DC8-A286-66D22D88D672}"
EndProject
Global
	GlobalSection(SolutionConfigurationPlatforms) = preSolution
		Debug|Any CPU = Debug|Any CPU
		Release|Any CPU = Release|Any CPU
	EndGlobalSection
	GlobalSection(ProjectConfigurationPlatforms) = postSolution
		{6169E513-EACE-4472-B68A-48FE4EBCB9FC}.Debug|Any CPU.ActiveCfg = Debug|Any CPU
		{6169E513-EACE-4472-B68A-48FE4EBCB9FC}.Debug|Any CPU.Build.0 = Debug|Any CPU
		{6169E513-EACE-4472-B68A-48FE4EBCB9FC}.Release|Any CPU.ActiveCfg = Release|Any CPU
		{6169E513-EACE-4472-B68A-48FE4EBCB9FC}.Release|Any CPU.Build.0 = Release|Any CPU
		{B2BAE627-FBF4-4DC8-A286-66D22D88D672}.Debug|Any CPU.ActiveCfg = Debug|Any CPU
		{B2BAE627-FBF4-4DC8-A286-66D22D88D672}.Debug|Any CPU.Build.0 = Debug|Any CPU
		{B2BAE627-FBF4-4DC8-A286-66D22D88D672}.Release|Any CPU.ActiveCfg = Release|Any CPU
		{B2BAE627-FBF4-4DC8-A286-66D22D88D672}.Release|Any CPU.Build.0 = Release|Any CPU
	EndGlobalSection
	GlobalSection(SolutionProperties) = preSolution
		HideSolutionNode = FALSE
	EndGlobalSection
	GlobalSection(ExtensibilityGlobals) = postSolution
		SolutionGuid = {CF52BB4B-FCF4-4574-A9FB-5FB4E6406D0C}
	EndGlobalSection
EndGlobal
